
Microsoft Visual Studio Solution File, Format Version 12.00
# Visual Studio Version 16
VisualStudioVersion = 16.0.30204.135
MinimumVisualStudioVersion = 10.0.40219.1
Project("{F184B08F-C81C-45F6-A57F-5ABD9991F28F}") = "Timer", "Timer\Timer.vbproj", "{4EED0432-39A5-475A-91AE-228628EEBF4F}"
EndProject
Global
	GlobalSection(SolutionConfigurationPlatforms) = preSolution
		Debug|Any CPU = Debug|Any CPU
		Release|Any CPU = Release|Any CPU
	EndGlobalSection
	GlobalSection(ProjectConfigurationPlatforms) = postSolution
		{4EED0432-39A5-475A-91AE-228628EEBF4F}.Debug|Any CPU.ActiveCfg = Debug|Any CPU
		{4EED0432-39A5-475A-91AE-228628EEBF4F}.Debug|Any CPU.Build.0 = Debug|Any CPU
		{4EED0432-39A5-475A-91AE-228628EEBF4F}.Release|Any CPU.ActiveCfg = Release|Any CPU
		{4EED0432-39A5-475A-91AE-228628EEBF4F}.Release|Any CPU.Build.0 = Release|Any CPU
	EndGlobalSection
	GlobalSection(SolutionProperties) = preSolution
		HideSolutionNode = FALSE
	EndGlobalSection
	GlobalSection(ExtensibilityGlobals) = postSolution
		SolutionGuid = {EE93CD0D-E879-4EAE-B476-31FA8FFD7B6E}
	EndGlobalSection
EndGlobal
